// !$*UTF8*$!
{
	archiveVersion = 1;
	classes = {
	};
	objectVersion = 48;
	objects = {

/* Begin PBXBuildFile section */
		435830C3496074EA9C8F96EB /* Pods_ubusiness.framework in Frameworks */ = {isa = PBXBuildFile; fileRef = 617E68ED2C18BB0985DC138D /* Pods_ubusiness.framework */; };
		5D27908121BB12F0005C90C0 /* LoginViewController.swift in Sources */ = {isa = PBXBuildFile; fileRef = 5D27908021BB12F0005C90C0 /* LoginViewController.swift */; };
		5D27908B21BB29F1005C90C0 /* TabBar.storyboard in Resources */ = {isa = PBXBuildFile; fileRef = 5D27908921BB29F1005C90C0 /* TabBar.storyboard */; };
		5D27908D21BD919A005C90C0 /* LoginViewViewModel.swift in Sources */ = {isa = PBXBuildFile; fileRef = 5D27908C21BD919A005C90C0 /* LoginViewViewModel.swift */; };
		5D27908F21BD9807005C90C0 /* LoginViewPhoneFieldViewModel.swift in Sources */ = {isa = PBXBuildFile; fileRef = 5D27908E21BD9807005C90C0 /* LoginViewPhoneFieldViewModel.swift */; };
		5D27909121BD9D65005C90C0 /* PhoneVerificationViewController.swift in Sources */ = {isa = PBXBuildFile; fileRef = 5D27909021BD9D65005C90C0 /* PhoneVerificationViewController.swift */; };
		5D27909321BDA6BC005C90C0 /* Podfile in Resources */ = {isa = PBXBuildFile; fileRef = 5D27909221BDA6BC005C90C0 /* Podfile */; };
		5D27909A21BEF826005C90C0 /* PhoneVerificationTextFieldDelegate.swift in Sources */ = {isa = PBXBuildFile; fileRef = 5D27909921BEF826005C90C0 /* PhoneVerificationTextFieldDelegate.swift */; };
		5DFC7AC5215CCDFF00F0F367 /* AppDelegate.swift in Sources */ = {isa = PBXBuildFile; fileRef = 5DFC7AC4215CCDFF00F0F367 /* AppDelegate.swift */; };
		5DFC7ACA215CCDFF00F0F367 /* Main.storyboard in Resources */ = {isa = PBXBuildFile; fileRef = 5DFC7AC8215CCDFF00F0F367 /* Main.storyboard */; };
		5DFC7ACC215CCDFF00F0F367 /* Assets.xcassets in Resources */ = {isa = PBXBuildFile; fileRef = 5DFC7ACB215CCDFF00F0F367 /* Assets.xcassets */; };
		5DFC7ACF215CCDFF00F0F367 /* LaunchScreen.storyboard in Resources */ = {isa = PBXBuildFile; fileRef = 5DFC7ACD215CCDFF00F0F367 /* LaunchScreen.storyboard */; };
		5DFC7ADA215CCDFF00F0F367 /* ubusinessTests.swift in Sources */ = {isa = PBXBuildFile; fileRef = 5DFC7AD9215CCDFF00F0F367 /* ubusinessTests.swift */; };
		5DFC7AE5215CCDFF00F0F367 /* ubusinessUITests.swift in Sources */ = {isa = PBXBuildFile; fileRef = 5DFC7AE4215CCDFF00F0F367 /* ubusinessUITests.swift */; };
/* End PBXBuildFile section */

/* Begin PBXContainerItemProxy section */
		5DFC7AD6215CCDFF00F0F367 /* PBXContainerItemProxy */ = {
			isa = PBXContainerItemProxy;
			containerPortal = 5DFC7AB9215CCDFF00F0F367 /* Project object */;
			proxyType = 1;
			remoteGlobalIDString = 5DFC7AC0215CCDFF00F0F367;
			remoteInfo = ubusiness;
		};
		5DFC7AE1215CCDFF00F0F367 /* PBXContainerItemProxy */ = {
			isa = PBXContainerItemProxy;
			containerPortal = 5DFC7AB9215CCDFF00F0F367 /* Project object */;
			proxyType = 1;
			remoteGlobalIDString = 5DFC7AC0215CCDFF00F0F367;
			remoteInfo = ubusiness;
		};
/* End PBXContainerItemProxy section */

/* Begin PBXFileReference section */
		5D27908021BB12F0005C90C0 /* LoginViewController.swift */ = {isa = PBXFileReference; lastKnownFileType = sourcecode.swift; path = LoginViewController.swift; sourceTree = "<group>"; };
		5D27908A21BB29F1005C90C0 /* Base */ = {isa = PBXFileReference; lastKnownFileType = file.storyboard; name = Base; path = ubusiness/Base.lproj/TabBar.storyboard; sourceTree = "<group>"; };
		5D27908C21BD919A005C90C0 /* LoginViewViewModel.swift */ = {isa = PBXFileReference; lastKnownFileType = sourcecode.swift; path = LoginViewViewModel.swift; sourceTree = "<group>"; };
		5D27908E21BD9807005C90C0 /* LoginViewPhoneFieldViewModel.swift */ = {isa = PBXFileReference; lastKnownFileType = sourcecode.swift; path = LoginViewPhoneFieldViewModel.swift; sourceTree = "<group>"; };
		5D27909021BD9D65005C90C0 /* PhoneVerificationViewController.swift */ = {isa = PBXFileReference; lastKnownFileType = sourcecode.swift; path = PhoneVerificationViewController.swift; sourceTree = "<group>"; };
		5D27909221BDA6BC005C90C0 /* Podfile */ = {isa = PBXFileReference; fileEncoding = 4; lastKnownFileType = text; path = Podfile; sourceTree = "<group>"; };
		5D27909921BEF826005C90C0 /* PhoneVerificationTextFieldDelegate.swift */ = {isa = PBXFileReference; lastKnownFileType = sourcecode.swift; path = PhoneVerificationTextFieldDelegate.swift; sourceTree = "<group>"; };
		5DFC7AC1215CCDFF00F0F367 /* ubusiness.app */ = {isa = PBXFileReference; explicitFileType = wrapper.application; includeInIndex = 0; path = ubusiness.app; sourceTree = BUILT_PRODUCTS_DIR; };
		5DFC7AC4215CCDFF00F0F367 /* AppDelegate.swift */ = {isa = PBXFileReference; lastKnownFileType = sourcecode.swift; path = AppDelegate.swift; sourceTree = "<group>"; };
		5DFC7AC9215CCDFF00F0F367 /* Base */ = {isa = PBXFileReference; lastKnownFileType = file.storyboard; name = Base; path = Base.lproj/Main.storyboard; sourceTree = "<group>"; };
		5DFC7ACB215CCDFF00F0F367 /* Assets.xcassets */ = {isa = PBXFileReference; lastKnownFileType = folder.assetcatalog; path = Assets.xcassets; sourceTree = "<group>"; };
		5DFC7ACE215CCDFF00F0F367 /* Base */ = {isa = PBXFileReference; lastKnownFileType = file.storyboard; name = Base; path = Base.lproj/LaunchScreen.storyboard; sourceTree = "<group>"; };
		5DFC7AD0215CCDFF00F0F367 /* Info.plist */ = {isa = PBXFileReference; lastKnownFileType = text.plist.xml; path = Info.plist; sourceTree = "<group>"; };
		5DFC7AD5215CCDFF00F0F367 /* ubusinessTests.xctest */ = {isa = PBXFileReference; explicitFileType = wrapper.cfbundle; includeInIndex = 0; path = ubusinessTests.xctest; sourceTree = BUILT_PRODUCTS_DIR; };
		5DFC7AD9215CCDFF00F0F367 /* ubusinessTests.swift */ = {isa = PBXFileReference; lastKnownFileType = sourcecode.swift; path = ubusinessTests.swift; sourceTree = "<group>"; };
		5DFC7ADB215CCDFF00F0F367 /* Info.plist */ = {isa = PBXFileReference; lastKnownFileType = text.plist.xml; path = Info.plist; sourceTree = "<group>"; };
		5DFC7AE0215CCDFF00F0F367 /* ubusinessUITests.xctest */ = {isa = PBXFileReference; explicitFileType = wrapper.cfbundle; includeInIndex = 0; path = ubusinessUITests.xctest; sourceTree = BUILT_PRODUCTS_DIR; };
		5DFC7AE4215CCDFF00F0F367 /* ubusinessUITests.swift */ = {isa = PBXFileReference; lastKnownFileType = sourcecode.swift; path = ubusinessUITests.swift; sourceTree = "<group>"; };
		5DFC7AE6215CCDFF00F0F367 /* Info.plist */ = {isa = PBXFileReference; lastKnownFileType = text.plist.xml; path = Info.plist; sourceTree = "<group>"; };
		617E68ED2C18BB0985DC138D /* Pods_ubusiness.framework */ = {isa = PBXFileReference; explicitFileType = wrapper.framework; includeInIndex = 0; path = Pods_ubusiness.framework; sourceTree = BUILT_PRODUCTS_DIR; };
		811C05F6EAB5FFE304567B92 /* Pods-ubusiness.debug.xcconfig */ = {isa = PBXFileReference; includeInIndex = 1; lastKnownFileType = text.xcconfig; name = "Pods-ubusiness.debug.xcconfig"; path = "Pods/Target Support Files/Pods-ubusiness/Pods-ubusiness.debug.xcconfig"; sourceTree = "<group>"; };
		A53B7579908A276C51DA92F9 /* Pods-ubusiness.release.xcconfig */ = {isa = PBXFileReference; includeInIndex = 1; lastKnownFileType = text.xcconfig; name = "Pods-ubusiness.release.xcconfig"; path = "Pods/Target Support Files/Pods-ubusiness/Pods-ubusiness.release.xcconfig"; sourceTree = "<group>"; };
/* End PBXFileReference section */

/* Begin PBXFrameworksBuildPhase section */
		5DFC7ABE215CCDFF00F0F367 /* Frameworks */ = {
			isa = PBXFrameworksBuildPhase;
			buildActionMask = 2147483647;
			files = (
				435830C3496074EA9C8F96EB /* Pods_ubusiness.framework in Frameworks */,
			);
			runOnlyForDeploymentPostprocessing = 0;
		};
		5DFC7AD2215CCDFF00F0F367 /* Frameworks */ = {
			isa = PBXFrameworksBuildPhase;
			buildActionMask = 2147483647;
			files = (
			);
			runOnlyForDeploymentPostprocessing = 0;
		};
		5DFC7ADD215CCDFF00F0F367 /* Frameworks */ = {
			isa = PBXFrameworksBuildPhase;
			buildActionMask = 2147483647;
			files = (
			);
			runOnlyForDeploymentPostprocessing = 0;
		};
/* End PBXFrameworksBuildPhase section */

/* Begin PBXGroup section */
		2DCEB89ADB8C8FA396FB3830 /* Pods */ = {
			isa = PBXGroup;
			children = (
				811C05F6EAB5FFE304567B92 /* Pods-ubusiness.debug.xcconfig */,
				A53B7579908A276C51DA92F9 /* Pods-ubusiness.release.xcconfig */,
			);
			name = Pods;
			sourceTree = "<group>";
		};
		5D27907C21BB0F63005C90C0 /* Model */ = {
			isa = PBXGroup;
			children = (
			);
			path = Model;
			sourceTree = "<group>";
		};
		5D27907D21BB0F6C005C90C0 /* View */ = {
			isa = PBXGroup;
			children = (
				5D27908021BB12F0005C90C0 /* LoginViewController.swift */,
				5D27909021BD9D65005C90C0 /* PhoneVerificationViewController.swift */,
				5D27909921BEF826005C90C0 /* PhoneVerificationTextFieldDelegate.swift */,
			);
			path = View;
			sourceTree = "<group>";
		};
		5D27907E21BB0F78005C90C0 /* Protocol */ = {
			isa = PBXGroup;
			children = (
			);
			path = Protocol;
			sourceTree = "<group>";
		};
		5D27907F21BB0F7E005C90C0 /* ViewModel */ = {
			isa = PBXGroup;
			children = (
				5D27908C21BD919A005C90C0 /* LoginViewViewModel.swift */,
				5D27908E21BD9807005C90C0 /* LoginViewPhoneFieldViewModel.swift */,
			);
			path = ViewModel;
			sourceTree = "<group>";
		};
		5DFC7AB8215CCDFF00F0F367 = {
			isa = PBXGroup;
			children = (
				5D27909221BDA6BC005C90C0 /* Podfile */,
				5DFC7AC3215CCDFF00F0F367 /* ubusiness */,
				5DFC7AD8215CCDFF00F0F367 /* ubusinessTests */,
				5DFC7AE3215CCDFF00F0F367 /* ubusinessUITests */,
				5DFC7AC2215CCDFF00F0F367 /* Products */,
				2DCEB89ADB8C8FA396FB3830 /* Pods */,
				6998F8314DDA723DB8F724A2 /* Frameworks */,
			);
			sourceTree = "<group>";
		};
		5DFC7AC2215CCDFF00F0F367 /* Products */ = {
			isa = PBXGroup;
			children = (
				5DFC7AC1215CCDFF00F0F367 /* ubusiness.app */,
				5DFC7AD5215CCDFF00F0F367 /* ubusinessTests.xctest */,
				5DFC7AE0215CCDFF00F0F367 /* ubusinessUITests.xctest */,
			);
			name = Products;
			sourceTree = "<group>";
		};
		5DFC7AC3215CCDFF00F0F367 /* ubusiness */ = {
			isa = PBXGroup;
			children = (
				5D27907F21BB0F7E005C90C0 /* ViewModel */,
				5D27907E21BB0F78005C90C0 /* Protocol */,
				5D27907D21BB0F6C005C90C0 /* View */,
				5D27907C21BB0F63005C90C0 /* Model */,
				5DFC7AC4215CCDFF00F0F367 /* AppDelegate.swift */,
				5D27908921BB29F1005C90C0 /* TabBar.storyboard */,
				5DFC7AC8215CCDFF00F0F367 /* Main.storyboard */,
				5DFC7ACB215CCDFF00F0F367 /* Assets.xcassets */,
				5DFC7ACD215CCDFF00F0F367 /* LaunchScreen.storyboard */,
				5DFC7AD0215CCDFF00F0F367 /* Info.plist */,
			);
			path = ubusiness;
			sourceTree = "<group>";
		};
		5DFC7AD8215CCDFF00F0F367 /* ubusinessTests */ = {
			isa = PBXGroup;
			children = (
				5DFC7AD9215CCDFF00F0F367 /* ubusinessTests.swift */,
				5DFC7ADB215CCDFF00F0F367 /* Info.plist */,
			);
			path = ubusinessTests;
			sourceTree = "<group>";
		};
		5DFC7AE3215CCDFF00F0F367 /* ubusinessUITests */ = {
			isa = PBXGroup;
			children = (
				5DFC7AE4215CCDFF00F0F367 /* ubusinessUITests.swift */,
				5DFC7AE6215CCDFF00F0F367 /* Info.plist */,
			);
			path = ubusinessUITests;
			sourceTree = "<group>";
		};
		6998F8314DDA723DB8F724A2 /* Frameworks */ = {
			isa = PBXGroup;
			children = (
				617E68ED2C18BB0985DC138D /* Pods_ubusiness.framework */,
			);
			name = Frameworks;
			sourceTree = "<group>";
		};
/* End PBXGroup section */

/* Begin PBXNativeTarget section */
		5DFC7AC0215CCDFF00F0F367 /* ubusiness */ = {
			isa = PBXNativeTarget;
			buildConfigurationList = 5DFC7AE9215CCDFF00F0F367 /* Build configuration list for PBXNativeTarget "ubusiness" */;
			buildPhases = (
				73873A14431F4D9A450DC750 /* [CP] Check Pods Manifest.lock */,
				5DFC7ABD215CCDFF00F0F367 /* Sources */,
				5DFC7ABE215CCDFF00F0F367 /* Frameworks */,
				5DFC7ABF215CCDFF00F0F367 /* Resources */,
				94CA3C0CEE83C0B8F7674E0A /* [CP] Embed Pods Frameworks */,
			);
			buildRules = (
			);
			dependencies = (
			);
			name = ubusiness;
			productName = ubusiness;
			productReference = 5DFC7AC1215CCDFF00F0F367 /* ubusiness.app */;
			productType = "com.apple.product-type.application";
		};
		5DFC7AD4215CCDFF00F0F367 /* ubusinessTests */ = {
			isa = PBXNativeTarget;
			buildConfigurationList = 5DFC7AEC215CCDFF00F0F367 /* Build configuration list for PBXNativeTarget "ubusinessTests" */;
			buildPhases = (
				5DFC7AD1215CCDFF00F0F367 /* Sources */,
				5DFC7AD2215CCDFF00F0F367 /* Frameworks */,
				5DFC7AD3215CCDFF00F0F367 /* Resources */,
			);
			buildRules = (
			);
			dependencies = (
				5DFC7AD7215CCDFF00F0F367 /* PBXTargetDependency */,
			);
			name = ubusinessTests;
			productName = ubusinessTests;
			productReference = 5DFC7AD5215CCDFF00F0F367 /* ubusinessTests.xctest */;
			productType = "com.apple.product-type.bundle.unit-test";
		};
		5DFC7ADF215CCDFF00F0F367 /* ubusinessUITests */ = {
			isa = PBXNativeTarget;
			buildConfigurationList = 5DFC7AEF215CCDFF00F0F367 /* Build configuration list for PBXNativeTarget "ubusinessUITests" */;
			buildPhases = (
				5DFC7ADC215CCDFF00F0F367 /* Sources */,
				5DFC7ADD215CCDFF00F0F367 /* Frameworks */,
				5DFC7ADE215CCDFF00F0F367 /* Resources */,
			);
			buildRules = (
			);
			dependencies = (
				5DFC7AE2215CCDFF00F0F367 /* PBXTargetDependency */,
			);
			name = ubusinessUITests;
			productName = ubusinessUITests;
			productReference = 5DFC7AE0215CCDFF00F0F367 /* ubusinessUITests.xctest */;
			productType = "com.apple.product-type.bundle.ui-testing";
		};
/* End PBXNativeTarget section */

/* Begin PBXProject section */
		5DFC7AB9215CCDFF00F0F367 /* Project object */ = {
			isa = PBXProject;
			attributes = {
				LastSwiftUpdateCheck = 0920;
				LastUpgradeCheck = 1000;
				ORGANIZATIONNAME = "Константин Кулаков";
				TargetAttributes = {
					5DFC7AC0215CCDFF00F0F367 = {
						CreatedOnToolsVersion = 9.2;
						LastSwiftMigration = 1000;
						ProvisioningStyle = Automatic;
					};
					5DFC7AD4215CCDFF00F0F367 = {
						CreatedOnToolsVersion = 9.2;
						LastSwiftMigration = 1000;
						ProvisioningStyle = Automatic;
						TestTargetID = 5DFC7AC0215CCDFF00F0F367;
					};
					5DFC7ADF215CCDFF00F0F367 = {
						CreatedOnToolsVersion = 9.2;
						LastSwiftMigration = 1000;
						ProvisioningStyle = Automatic;
						TestTargetID = 5DFC7AC0215CCDFF00F0F367;
					};
				};
			};
			buildConfigurationList = 5DFC7ABC215CCDFF00F0F367 /* Build configuration list for PBXProject "ubusiness" */;
			compatibilityVersion = "Xcode 8.0";
			developmentRegion = en;
			hasScannedForEncodings = 0;
			knownRegions = (
				en,
				Base,
			);
			mainGroup = 5DFC7AB8215CCDFF00F0F367;
			productRefGroup = 5DFC7AC2215CCDFF00F0F367 /* Products */;
			projectDirPath = "";
			projectRoot = "";
			targets = (
				5DFC7AC0215CCDFF00F0F367 /* ubusiness */,
				5DFC7AD4215CCDFF00F0F367 /* ubusinessTests */,
				5DFC7ADF215CCDFF00F0F367 /* ubusinessUITests */,
			);
		};
/* End PBXProject section */

/* Begin PBXResourcesBuildPhase section */
		5DFC7ABF215CCDFF00F0F367 /* Resources */ = {
			isa = PBXResourcesBuildPhase;
			buildActionMask = 2147483647;
			files = (
				5D27909321BDA6BC005C90C0 /* Podfile in Resources */,
				5D27908B21BB29F1005C90C0 /* TabBar.storyboard in Resources */,
				5DFC7ACF215CCDFF00F0F367 /* LaunchScreen.storyboard in Resources */,
				5DFC7ACC215CCDFF00F0F367 /* Assets.xcassets in Resources */,
				5DFC7ACA215CCDFF00F0F367 /* Main.storyboard in Resources */,
			);
			runOnlyForDeploymentPostprocessing = 0;
		};
		5DFC7AD3215CCDFF00F0F367 /* Resources */ = {
			isa = PBXResourcesBuildPhase;
			buildActionMask = 2147483647;
			files = (
			);
			runOnlyForDeploymentPostprocessing = 0;
		};
		5DFC7ADE215CCDFF00F0F367 /* Resources */ = {
			isa = PBXResourcesBuildPhase;
			buildActionMask = 2147483647;
			files = (
			);
			runOnlyForDeploymentPostprocessing = 0;
		};
/* End PBXResourcesBuildPhase section */

/* Begin PBXShellScriptBuildPhase section */
		73873A14431F4D9A450DC750 /* [CP] Check Pods Manifest.lock */ = {
			isa = PBXShellScriptBuildPhase;
			buildActionMask = 2147483647;
			files = (
			);
			inputFileListPaths = (
			);
			inputPaths = (
				"${PODS_PODFILE_DIR_PATH}/Podfile.lock",
				"${PODS_ROOT}/Manifest.lock",
			);
			name = "[CP] Check Pods Manifest.lock";
			outputFileListPaths = (
			);
			outputPaths = (
				"$(DERIVED_FILE_DIR)/Pods-ubusiness-checkManifestLockResult.txt",
			);
			runOnlyForDeploymentPostprocessing = 0;
			shellPath = /bin/sh;
			shellScript = "diff \"${PODS_PODFILE_DIR_PATH}/Podfile.lock\" \"${PODS_ROOT}/Manifest.lock\" > /dev/null\nif [ $? != 0 ] ; then\n    # print error to STDERR\n    echo \"error: The sandbox is not in sync with the Podfile.lock. Run 'pod install' or update your CocoaPods installation.\" >&2\n    exit 1\nfi\n# This output is used by Xcode 'outputs' to avoid re-running this script phase.\necho \"SUCCESS\" > \"${SCRIPT_OUTPUT_FILE_0}\"\n";
			showEnvVarsInLog = 0;
		};
		94CA3C0CEE83C0B8F7674E0A /* [CP] Embed Pods Frameworks */ = {
			isa = PBXShellScriptBuildPhase;
			buildActionMask = 2147483647;
			files = (
			);
			inputFileListPaths = (
			);
			inputPaths = (
				"${SRCROOT}/Pods/Target Support Files/Pods-ubusiness/Pods-ubusiness-frameworks.sh",
				"${BUILT_PRODUCTS_DIR}/UITextField+Shake/UITextField_Shake.framework",
			);
			name = "[CP] Embed Pods Frameworks";
			outputFileListPaths = (
			);
			outputPaths = (
				"${TARGET_BUILD_DIR}/${FRAMEWORKS_FOLDER_PATH}/UITextField_Shake.framework",
			);
			runOnlyForDeploymentPostprocessing = 0;
			shellPath = /bin/sh;
			shellScript = "\"${SRCROOT}/Pods/Target Support Files/Pods-ubusiness/Pods-ubusiness-frameworks.sh\"\n";
			showEnvVarsInLog = 0;
		};
/* End PBXShellScriptBuildPhase section */

/* Begin PBXSourcesBuildPhase section */
		5DFC7ABD215CCDFF00F0F367 /* Sources */ = {
			isa = PBXSourcesBuildPhase;
			buildActionMask = 2147483647;
			files = (
				5D27909A21BEF826005C90C0 /* PhoneVerificationTextFieldDelegate.swift in Sources */,
				5D27908121BB12F0005C90C0 /* LoginViewController.swift in Sources */,
				5D27909121BD9D65005C90C0 /* PhoneVerificationViewController.swift in Sources */,
				5D27908D21BD919A005C90C0 /* LoginViewViewModel.swift in Sources */,
				5DFC7AC5215CCDFF00F0F367 /* AppDelegate.swift in Sources */,
				5D27908F21BD9807005C90C0 /* LoginViewPhoneFieldViewModel.swift in Sources */,
			);
			runOnlyForDeploymentPostprocessing = 0;
		};
		5DFC7AD1215CCDFF00F0F367 /* Sources */ = {
			isa = PBXSourcesBuildPhase;
			buildActionMask = 2147483647;
			files = (
				5DFC7ADA215CCDFF00F0F367 /* ubusinessTests.swift in Sources */,
			);
			runOnlyForDeploymentPostprocessing = 0;
		};
		5DFC7ADC215CCDFF00F0F367 /* Sources */ = {
			isa = PBXSourcesBuildPhase;
			buildActionMask = 2147483647;
			files = (
				5DFC7AE5215CCDFF00F0F367 /* ubusinessUITests.swift in Sources */,
			);
			runOnlyForDeploymentPostprocessing = 0;
		};
/* End PBXSourcesBuildPhase section */

/* Begin PBXTargetDependency section */
		5DFC7AD7215CCDFF00F0F367 /* PBXTargetDependency */ = {
			isa = PBXTargetDependency;
			target = 5DFC7AC0215CCDFF00F0F367 /* ubusiness */;
			targetProxy = 5DFC7AD6215CCDFF00F0F367 /* PBXContainerItemProxy */;
		};
		5DFC7AE2215CCDFF00F0F367 /* PBXTargetDependency */ = {
			isa = PBXTargetDependency;
			target = 5DFC7AC0215CCDFF00F0F367 /* ubusiness */;
			targetProxy = 5DFC7AE1215CCDFF00F0F367 /* PBXContainerItemProxy */;
		};
/* End PBXTargetDependency section */

/* Begin PBXVariantGroup section */
		5D27908921BB29F1005C90C0 /* TabBar.storyboard */ = {
			isa = PBXVariantGroup;
			children = (
				5D27908A21BB29F1005C90C0 /* Base */,
			);
			name = TabBar.storyboard;
			sourceTree = "<group>";
		};
		5DFC7AC8215CCDFF00F0F367 /* Main.storyboard */ = {
			isa = PBXVariantGroup;
			children = (
				5DFC7AC9215CCDFF00F0F367 /* Base */,
			);
			name = Main.storyboard;
			sourceTree = "<group>";
		};
		5DFC7ACD215CCDFF00F0F367 /* LaunchScreen.storyboard */ = {
			isa = PBXVariantGroup;
			children = (
				5DFC7ACE215CCDFF00F0F367 /* Base */,
			);
			name = LaunchScreen.storyboard;
			sourceTree = "<group>";
		};
/* End PBXVariantGroup section */

/* Begin XCBuildConfiguration section */
		5DFC7AE7215CCDFF00F0F367 /* Debug */ = {
			isa = XCBuildConfiguration;
			buildSettings = {
				ALWAYS_SEARCH_USER_PATHS = NO;
				CLANG_ANALYZER_NONNULL = YES;
				CLANG_ANALYZER_NUMBER_OBJECT_CONVERSION = YES_AGGRESSIVE;
				CLANG_CXX_LANGUAGE_STANDARD = "gnu++14";
				CLANG_CXX_LIBRARY = "libc++";
				CLANG_ENABLE_MODULES = YES;
				CLANG_ENABLE_OBJC_ARC = YES;
				CLANG_WARN_BLOCK_CAPTURE_AUTORELEASING = YES;
				CLANG_WARN_BOOL_CONVERSION = YES;
				CLANG_WARN_COMMA = YES;
				CLANG_WARN_CONSTANT_CONVERSION = YES;
				CLANG_WARN_DEPRECATED_OBJC_IMPLEMENTATIONS = YES;
				CLANG_WARN_DIRECT_OBJC_ISA_USAGE = YES_ERROR;
				CLANG_WARN_DOCUMENTATION_COMMENTS = YES;
				CLANG_WARN_EMPTY_BODY = YES;
				CLANG_WARN_ENUM_CONVERSION = YES;
				CLANG_WARN_INFINITE_RECURSION = YES;
				CLANG_WARN_INT_CONVERSION = YES;
				CLANG_WARN_NON_LITERAL_NULL_CONVERSION = YES;
				CLANG_WARN_OBJC_IMPLICIT_RETAIN_SELF = YES;
				CLANG_WARN_OBJC_LITERAL_CONVERSION = YES;
				CLANG_WARN_OBJC_ROOT_CLASS = YES_ERROR;
				CLANG_WARN_RANGE_LOOP_ANALYSIS = YES;
				CLANG_WARN_STRICT_PROTOTYPES = YES;
				CLANG_WARN_SUSPICIOUS_MOVE = YES;
				CLANG_WARN_UNGUARDED_AVAILABILITY = YES_AGGRESSIVE;
				CLANG_WARN_UNREACHABLE_CODE = YES;
				CLANG_WARN__DUPLICATE_METHOD_MATCH = YES;
				CODE_SIGN_IDENTITY = "iPhone Developer";
				COPY_PHASE_STRIP = NO;
				DEBUG_INFORMATION_FORMAT = dwarf;
				ENABLE_STRICT_OBJC_MSGSEND = YES;
				ENABLE_TESTABILITY = YES;
				GCC_C_LANGUAGE_STANDARD = gnu11;
				GCC_DYNAMIC_NO_PIC = NO;
				GCC_NO_COMMON_BLOCKS = YES;
				GCC_OPTIMIZATION_LEVEL = 0;
				GCC_PREPROCESSOR_DEFINITIONS = (
					"DEBUG=1",
					"$(inherited)",
				);
				GCC_WARN_64_TO_32_BIT_CONVERSION = YES;
				GCC_WARN_ABOUT_RETURN_TYPE = YES_ERROR;
				GCC_WARN_UNDECLARED_SELECTOR = YES;
				GCC_WARN_UNINITIALIZED_AUTOS = YES_AGGRESSIVE;
				GCC_WARN_UNUSED_FUNCTION = YES;
				GCC_WARN_UNUSED_VARIABLE = YES;
				IPHONEOS_DEPLOYMENT_TARGET = 11.2;
				MTL_ENABLE_DEBUG_INFO = YES;
				ONLY_ACTIVE_ARCH = YES;
				SDKROOT = iphoneos;
				SWIFT_ACTIVE_COMPILATION_CONDITIONS = DEBUG;
				SWIFT_OPTIMIZATION_LEVEL = "-Onone";
			};
			name = Debug;
		};
		5DFC7AE8215CCDFF00F0F367 /* Release */ = {
			isa = XCBuildConfiguration;
			buildSettings = {
				ALWAYS_SEARCH_USER_PATHS = NO;
				CLANG_ANALYZER_NONNULL = YES;
				CLANG_ANALYZER_NUMBER_OBJECT_CONVERSION = YES_AGGRESSIVE;
				CLANG_CXX_LANGUAGE_STANDARD = "gnu++14";
				CLANG_CXX_LIBRARY = "libc++";
				CLANG_ENABLE_MODULES = YES;
				CLANG_ENABLE_OBJC_ARC = YES;
				CLANG_WARN_BLOCK_CAPTURE_AUTORELEASING = YES;
				CLANG_WARN_BOOL_CONVERSION = YES;
				CLANG_WARN_COMMA = YES;
				CLANG_WARN_CONSTANT_CONVERSION = YES;
				CLANG_WARN_DEPRECATED_OBJC_IMPLEMENTATIONS = YES;
				CLANG_WARN_DIRECT_OBJC_ISA_USAGE = YES_ERROR;
				CLANG_WARN_DOCUMENTATION_COMMENTS = YES;
				CLANG_WARN_EMPTY_BODY = YES;
				CLANG_WARN_ENUM_CONVERSION = YES;
				CLANG_WARN_INFINITE_RECURSION = YES;
				CLANG_WARN_INT_CONVERSION = YES;
				CLANG_WARN_NON_LITERAL_NULL_CONVERSION = YES;
				CLANG_WARN_OBJC_IMPLICIT_RETAIN_SELF = YES;
				CLANG_WARN_OBJC_LITERAL_CONVERSION = YES;
				CLANG_WARN_OBJC_ROOT_CLASS = YES_ERROR;
				CLANG_WARN_RANGE_LOOP_ANALYSIS = YES;
				CLANG_WARN_STRICT_PROTOTYPES = YES;
				CLANG_WARN_SUSPICIOUS_MOVE = YES;
				CLANG_WARN_UNGUARDED_AVAILABILITY = YES_AGGRESSIVE;
				CLANG_WARN_UNREACHABLE_CODE = YES;
				CLANG_WARN__DUPLICATE_METHOD_MATCH = YES;
				CODE_SIGN_IDENTITY = "iPhone Developer";
				COPY_PHASE_STRIP = NO;
				DEBUG_INFORMATION_FORMAT = "dwarf-with-dsym";
				ENABLE_NS_ASSERTIONS = NO;
				ENABLE_STRICT_OBJC_MSGSEND = YES;
				GCC_C_LANGUAGE_STANDARD = gnu11;
				GCC_NO_COMMON_BLOCKS = YES;
				GCC_WARN_64_TO_32_BIT_CONVERSION = YES;
				GCC_WARN_ABOUT_RETURN_TYPE = YES_ERROR;
				GCC_WARN_UNDECLARED_SELECTOR = YES;
				GCC_WARN_UNINITIALIZED_AUTOS = YES_AGGRESSIVE;
				GCC_WARN_UNUSED_FUNCTION = YES;
				GCC_WARN_UNUSED_VARIABLE = YES;
				IPHONEOS_DEPLOYMENT_TARGET = 11.2;
				MTL_ENABLE_DEBUG_INFO = NO;
				SDKROOT = iphoneos;
				SWIFT_OPTIMIZATION_LEVEL = "-Owholemodule";
				VALIDATE_PRODUCT = YES;
			};
			name = Release;
		};
		5DFC7AEA215CCDFF00F0F367 /* Debug */ = {
			isa = XCBuildConfiguration;
			baseConfigurationReference = 811C05F6EAB5FFE304567B92 /* Pods-ubusiness.debug.xcconfig */;
			buildSettings = {
				ASSETCATALOG_COMPILER_APPICON_NAME = AppIcon;
				CODE_SIGN_STYLE = Automatic;
				DEVELOPMENT_TEAM = 96VD7F35W2;
				INFOPLIST_FILE = ubusiness/Info.plist;
				LD_RUNPATH_SEARCH_PATHS = "$(inherited) @executable_path/Frameworks";
				PRODUCT_BUNDLE_IDENTIFIER = ru.kostyakulakov.ubusiness;
				PRODUCT_NAME = "$(TARGET_NAME)";
				SWIFT_VERSION = 4.2;
				TARGETED_DEVICE_FAMILY = "1,2";
			};
			name = Debug;
		};
		5DFC7AEB215CCDFF00F0F367 /* Release */ = {
			isa = XCBuildConfiguration;
			baseConfigurationReference = A53B7579908A276C51DA92F9 /* Pods-ubusiness.release.xcconfig */;
			buildSettings = {
				ASSETCATALOG_COMPILER_APPICON_NAME = AppIcon;
				CODE_SIGN_STYLE = Automatic;
				DEVELOPMENT_TEAM = 96VD7F35W2;
				INFOPLIST_FILE = ubusiness/Info.plist;
				LD_RUNPATH_SEARCH_PATHS = "$(inherited) @executable_path/Frameworks";
				PRODUCT_BUNDLE_IDENTIFIER = ru.kostyakulakov.ubusiness;
				PRODUCT_NAME = "$(TARGET_NAME)";
				SWIFT_VERSION = 4.2;
				TARGETED_DEVICE_FAMILY = "1,2";
			};
			name = Release;
		};
		5DFC7AED215CCDFF00F0F367 /* Debug */ = {
			isa = XCBuildConfiguration;
			buildSettings = {
				ALWAYS_EMBED_SWIFT_STANDARD_LIBRARIES = YES;
				BUNDLE_LOADER = "$(TEST_HOST)";
				CODE_SIGN_STYLE = Automatic;
				DEVELOPMENT_TEAM = 96VD7F35W2;
				INFOPLIST_FILE = ubusinessTests/Info.plist;
				LD_RUNPATH_SEARCH_PATHS = "$(inherited) @executable_path/Frameworks @loader_path/Frameworks";
				PRODUCT_BUNDLE_IDENTIFIER = ru.kostyakulakov.ubusinessTests;
				PRODUCT_NAME = "$(TARGET_NAME)";
				SWIFT_VERSION = 4.2;
				TARGETED_DEVICE_FAMILY = "1,2";
				TEST_HOST = "$(BUILT_PRODUCTS_DIR)/ubusiness.app/ubusiness";
			};
			name = Debug;
		};
		5DFC7AEE215CCDFF00F0F367 /* Release */ = {
			isa = XCBuildConfiguration;
			buildSettings = {
				ALWAYS_EMBED_SWIFT_STANDARD_LIBRARIES = YES;
				BUNDLE_LOADER = "$(TEST_HOST)";
				CODE_SIGN_STYLE = Automatic;
				DEVELOPMENT_TEAM = 96VD7F35W2;
				INFOPLIST_FILE = ubusinessTests/Info.plist;
				LD_RUNPATH_SEARCH_PATHS = "$(inherited) @executable_path/Frameworks @loader_path/Frameworks";
				PRODUCT_BUNDLE_IDENTIFIER = ru.kostyakulakov.ubusinessTests;
				PRODUCT_NAME = "$(TARGET_NAME)";
				SWIFT_VERSION = 4.2;
				TARGETED_DEVICE_FAMILY = "1,2";
				TEST_HOST = "$(BUILT_PRODUCTS_DIR)/ubusiness.app/ubusiness";
			};
			name = Release;
		};
		5DFC7AF0215CCDFF00F0F367 /* Debug */ = {
			isa = XCBuildConfiguration;
			buildSettings = {
				ALWAYS_EMBED_SWIFT_STANDARD_LIBRARIES = YES;
				CODE_SIGN_STYLE = Automatic;
				DEVELOPMENT_TEAM = 96VD7F35W2;
				INFOPLIST_FILE = ubusinessUITests/Info.plist;
				LD_RUNPATH_SEARCH_PATHS = "$(inherited) @executable_path/Frameworks @loader_path/Frameworks";
				PRODUCT_BUNDLE_IDENTIFIER = ru.kostyakulakov.ubusinessUITests;
				PRODUCT_NAME = "$(TARGET_NAME)";
				SWIFT_VERSION = 4.2;
				TARGETED_DEVICE_FAMILY = "1,2";
				TEST_TARGET_NAME = ubusiness;
			};
			name = Debug;
		};
		5DFC7AF1215CCDFF00F0F367 /* Release */ = {
			isa = XCBuildConfiguration;
			buildSettings = {
				ALWAYS_EMBED_SWIFT_STANDARD_LIBRARIES = YES;
				CODE_SIGN_STYLE = Automatic;
				DEVELOPMENT_TEAM = 96VD7F35W2;
				INFOPLIST_FILE = ubusinessUITests/Info.plist;
				LD_RUNPATH_SEARCH_PATHS = "$(inherited) @executable_path/Frameworks @loader_path/Frameworks";
				PRODUCT_BUNDLE_IDENTIFIER = ru.kostyakulakov.ubusinessUITests;
				PRODUCT_NAME = "$(TARGET_NAME)";
				SWIFT_VERSION = 4.2;
				TARGETED_DEVICE_FAMILY = "1,2";
				TEST_TARGET_NAME = ubusiness;
			};
			name = Release;
		};
/* End XCBuildConfiguration section */

/* Begin XCConfigurationList section */
		5DFC7ABC215CCDFF00F0F367 /* Build configuration list for PBXProject "ubusiness" */ = {
			isa = XCConfigurationList;
			buildConfigurations = (
				5DFC7AE7215CCDFF00F0F367 /* Debug */,
				5DFC7AE8215CCDFF00F0F367 /* Release */,
			);
			defaultConfigurationIsVisible = 0;
			defaultConfigurationName = Release;
		};
		5DFC7AE9215CCDFF00F0F367 /* Build configuration list for PBXNativeTarget "ubusiness" */ = {
			isa = XCConfigurationList;
			buildConfigurations = (
				5DFC7AEA215CCDFF00F0F367 /* Debug */,
				5DFC7AEB215CCDFF00F0F367 /* Release */,
			);
			defaultConfigurationIsVisible = 0;
			defaultConfigurationName = Release;
		};
		5DFC7AEC215CCDFF00F0F367 /* Build configuration list for PBXNativeTarget "ubusinessTests" */ = {
			isa = XCConfigurationList;
			buildConfigurations = (
				5DFC7AED215CCDFF00F0F367 /* Debug */,
				5DFC7AEE215CCDFF00F0F367 /* Release */,
			);
			defaultConfigurationIsVisible = 0;
			defaultConfigurationName = Release;
		};
		5DFC7AEF215CCDFF00F0F367 /* Build configuration list for PBXNativeTarget "ubusinessUITests" */ = {
			isa = XCConfigurationList;
			buildConfigurations = (
				5DFC7AF0215CCDFF00F0F367 /* Debug */,
				5DFC7AF1215CCDFF00F0F367 /* Release */,
			);
			defaultConfigurationIsVisible = 0;
			defaultConfigurationName = Release;
		};
/* End XCConfigurationList section */
	};
	rootObject = 5DFC7AB9215CCDFF00F0F367 /* Project object */;
}
